
Microsoft Visual Studio Solution File, Format Version 12.00
# Visual Studio Version 16
VisualStudioVersion = 16.0.32106.194
MinimumVisualStudioVersion = 10.0.40219.1
Project("{9A19103F-16F7-4668-BE54-9A1E7A4F7556}") = "Geometry", "Geometry\Geometry.csproj", "{286F57B9-4900-4029-808C-7B09B7C2768E}"
EndProject
Project("{FAE04EC0-301F-11D3-BF4B-00C04F79EFBC}") = "GeometryTest", "GeometryTest\GeometryTest.csproj", "{87C9DC32-55BB-4F6D-9E7C-0EA3D75D1045}"
EndProject
Global
	GlobalSection(SolutionConfigurationPlatforms) = preSolution
		Debug|Any CPU = Debug|Any CPU
		Release|Any CPU = Release|Any CPU
	EndGlobalSection
	GlobalSection(ProjectConfigurationPlatforms) = postSolution
		{286F57B9-4900-4029-808C-7B09B7C2768E}.Debug|Any CPU.ActiveCfg = Debug|Any CPU
		{286F57B9-4900-4029-808C-7B09B7C2768E}.Debug|Any CPU.Build.0 = Debug|Any CPU
		{286F57B9-4900-4029-808C-7B09B7C2768E}.Release|Any CPU.ActiveCfg = Release|Any CPU
		{286F57B9-4900-4029-808C-7B09B7C2768E}.Release|Any CPU.Build.0 = Release|Any CPU
		{87C9DC32-55BB-4F6D-9E7C-0EA3D75D1045}.Debug|Any CPU.ActiveCfg = Debug|Any CPU
		{87C9DC32-55BB-4F6D-9E7C-0EA3D75D1045}.Debug|Any CPU.Build.0 = Debug|Any CPU
		{87C9DC32-55BB-4F6D-9E7C-0EA3D75D1045}.Release|Any CPU.ActiveCfg = Release|Any CPU
		{87C9DC32-55BB-4F6D-9E7C-0EA3D75D1045}.Release|Any CPU.Build.0 = Release|Any CPU
	EndGlobalSection
	GlobalSection(SolutionProperties) = preSolution
		HideSolutionNode = FALSE
	EndGlobalSection
	GlobalSection(ExtensibilityGlobals) = postSolution
		SolutionGuid = {99CA6A60-8479-4E1A-AC2D-93D269574296}
	EndGlobalSection
EndGlobal
